// !$*UTF8*$!
{
	archiveVersion = 1;
	classes = {
	};
	objectVersion = 50;
	objects = {

/* Begin PBXBuildFile section */
		A774784125F5D6AE008A0E7F /* AppDelegate.swift in Sources */ = {isa = PBXBuildFile; fileRef = A774784025F5D6AE008A0E7F /* AppDelegate.swift */; };
		A774784325F5D6AE008A0E7F /* SceneDelegate.swift in Sources */ = {isa = PBXBuildFile; fileRef = A774784225F5D6AE008A0E7F /* SceneDelegate.swift */; };
		A774784525F5D6AE008A0E7F /* ImageViewController.swift in Sources */ = {isa = PBXBuildFile; fileRef = A774784425F5D6AE008A0E7F /* ImageViewController.swift */; };
		A774784A25F5D6AF008A0E7F /* Assets.xcassets in Resources */ = {isa = PBXBuildFile; fileRef = A774784925F5D6AF008A0E7F /* Assets.xcassets */; };
		A774784D25F5D6AF008A0E7F /* LaunchScreen.storyboard in Resources */ = {isa = PBXBuildFile; fileRef = A774784B25F5D6AF008A0E7F /* LaunchScreen.storyboard */; };
		A774785A25F5D814008A0E7F /* Main.storyboard in Resources */ = {isa = PBXBuildFile; fileRef = A774785825F5D814008A0E7F /* Main.storyboard */; };
		A774785E25F5D861008A0E7F /* CassiniViewController.swift in Sources */ = {isa = PBXBuildFile; fileRef = A774785D25F5D861008A0E7F /* CassiniViewController.swift */; };
		A774786125F5D87C008A0E7F /* DemoURLs.swift in Sources */ = {isa = PBXBuildFile; fileRef = A774786025F5D87C008A0E7F /* DemoURLs.swift */; };
/* End PBXBuildFile section */

/* Begin PBXFileReference section */
		A774783D25F5D6AE008A0E7F /* cassini.app */ = {isa = PBXFileReference; explicitFileType = wrapper.application; includeInIndex = 0; path = cassini.app; sourceTree = BUILT_PRODUCTS_DIR; };
		A774784025F5D6AE008A0E7F /* AppDelegate.swift */ = {isa = PBXFileReference; lastKnownFileType = sourcecode.swift; path = AppDelegate.swift; sourceTree = "<group>"; };
		A774784225F5D6AE008A0E7F /* SceneDelegate.swift */ = {isa = PBXFileReference; lastKnownFileType = sourcecode.swift; path = SceneDelegate.swift; sourceTree = "<group>"; };
		A774784425F5D6AE008A0E7F /* ImageViewController.swift */ = {isa = PBXFileReference; lastKnownFileType = sourcecode.swift; path = ImageViewController.swift; sourceTree = "<group>"; };
		A774784925F5D6AF008A0E7F /* Assets.xcassets */ = {isa = PBXFileReference; lastKnownFileType = folder.assetcatalog; path = Assets.xcassets; sourceTree = "<group>"; };
		A774784C25F5D6AF008A0E7F /* Base */ = {isa = PBXFileReference; lastKnownFileType = file.storyboard; name = Base; path = Base.lproj/LaunchScreen.storyboard; sourceTree = "<group>"; };
		A774784E25F5D6AF008A0E7F /* Info.plist */ = {isa = PBXFileReference; lastKnownFileType = text.plist.xml; path = Info.plist; sourceTree = "<group>"; };
		A774785925F5D814008A0E7F /* Base */ = {isa = PBXFileReference; lastKnownFileType = file.storyboard; name = Base; path = "../../../../Downloads/CS193P-iOS11-Lecture-10-Multithreading-master/Lecture 10 - Cassini/Base.lproj/Main.storyboard"; sourceTree = "<group>"; };
		A774785D25F5D861008A0E7F /* CassiniViewController.swift */ = {isa = PBXFileReference; lastKnownFileType = sourcecode.swift; path = CassiniViewController.swift; sourceTree = "<group>"; };
		A774786025F5D87C008A0E7F /* DemoURLs.swift */ = {isa = PBXFileReference; lastKnownFileType = sourcecode.swift; path = DemoURLs.swift; sourceTree = "<group>"; };
/* End PBXFileReference section */

/* Begin PBXFrameworksBuildPhase section */
		A774783A25F5D6AE008A0E7F /* Frameworks */ = {
			isa = PBXFrameworksBuildPhase;
			buildActionMask = 2147483647;
			files = (
			);
			runOnlyForDeploymentPostprocessing = 0;
		};
/* End PBXFrameworksBuildPhase section */

/* Begin PBXGroup section */
		A774783425F5D6AE008A0E7F = {
			isa = PBXGroup;
			children = (
				A774783F25F5D6AE008A0E7F /* cassini */,
				A774783E25F5D6AE008A0E7F /* Products */,
			);
			sourceTree = "<group>";
		};
		A774783E25F5D6AE008A0E7F /* Products */ = {
			isa = PBXGroup;
			children = (
				A774783D25F5D6AE008A0E7F /* cassini.app */,
			);
			name = Products;
			sourceTree = "<group>";
		};
		A774783F25F5D6AE008A0E7F /* cassini */ = {
			isa = PBXGroup;
			children = (
				A774785525F5D6C9008A0E7F /* Supporting Files */,
				A774784425F5D6AE008A0E7F /* ImageViewController.swift */,
				A774785825F5D814008A0E7F /* Main.storyboard */,
				A774784E25F5D6AF008A0E7F /* Info.plist */,
				A774785D25F5D861008A0E7F /* CassiniViewController.swift */,
				A774786025F5D87C008A0E7F /* DemoURLs.swift */,
			);
			path = cassini;
			sourceTree = "<group>";
		};
		A774785525F5D6C9008A0E7F /* Supporting Files */ = {
			isa = PBXGroup;
			children = (
				A774784025F5D6AE008A0E7F /* AppDelegate.swift */,
				A774784225F5D6AE008A0E7F /* SceneDelegate.swift */,
				A774784925F5D6AF008A0E7F /* Assets.xcassets */,
				A774784B25F5D6AF008A0E7F /* LaunchScreen.storyboard */,
			);
			path = "Supporting Files";
			sourceTree = "<group>";
		};
/* End PBXGroup section */

/* Begin PBXNativeTarget section */
		A774783C25F5D6AE008A0E7F /* cassini */ = {
			isa = PBXNativeTarget;
			buildConfigurationList = A774785125F5D6AF008A0E7F /* Build configuration list for PBXNativeTarget "cassini" */;
			buildPhases = (
				A774783925F5D6AE008A0E7F /* Sources */,
				A774783A25F5D6AE008A0E7F /* Frameworks */,
				A774783B25F5D6AE008A0E7F /* Resources */,
			);
			buildRules = (
			);
			dependencies = (
			);
			name = cassini;
			productName = cassini;
			productReference = A774783D25F5D6AE008A0E7F /* cassini.app */;
			productType = "com.apple.product-type.application";
		};
/* End PBXNativeTarget section */

/* Begin PBXProject section */
		A774783525F5D6AE008A0E7F /* Project object */ = {
			isa = PBXProject;
			attributes = {
				LastSwiftUpdateCheck = 1240;
				LastUpgradeCheck = 1240;
				TargetAttributes = {
					A774783C25F5D6AE008A0E7F = {
						CreatedOnToolsVersion = 12.4;
					};
				};
			};
			buildConfigurationList = A774783825F5D6AE008A0E7F /* Build configuration list for PBXProject "cassini" */;
			compatibilityVersion = "Xcode 9.3";
			developmentRegion = en;
			hasScannedForEncodings = 0;
			knownRegions = (
				en,
				Base,
			);
			mainGroup = A774783425F5D6AE008A0E7F;
			productRefGroup = A774783E25F5D6AE008A0E7F /* Products */;
			projectDirPath = "";
			projectRoot = "";
			targets = (
				A774783C25F5D6AE008A0E7F /* cassini */,
			);
		};
/* End PBXProject section */

/* Begin PBXResourcesBuildPhase section */
		A774783B25F5D6AE008A0E7F /* Resources */ = {
			isa = PBXResourcesBuildPhase;
			buildActionMask = 2147483647;
			files = (
				A774784D25F5D6AF008A0E7F /* LaunchScreen.storyboard in Resources */,
				A774784A25F5D6AF008A0E7F /* Assets.xcassets in Resources */,
				A774785A25F5D814008A0E7F /* Main.storyboard in Resources */,
			);
			runOnlyForDeploymentPostprocessing = 0;
		};
/* End PBXResourcesBuildPhase section */

/* Begin PBXSourcesBuildPhase section */
		A774783925F5D6AE008A0E7F /* Sources */ = {
			isa = PBXSourcesBuildPhase;
			buildActionMask = 2147483647;
			files = (
				A774784525F5D6AE008A0E7F /* ImageViewController.swift in Sources */,
				A774785E25F5D861008A0E7F /* CassiniViewController.swift in Sources */,
				A774786125F5D87C008A0E7F /* DemoURLs.swift in Sources */,
				A774784125F5D6AE008A0E7F /* AppDelegate.swift in Sources */,
				A774784325F5D6AE008A0E7F /* SceneDelegate.swift in Sources */,
			);
			runOnlyForDeploymentPostprocessing = 0;
		};
/* End PBXSourcesBuildPhase section */

/* Begin PBXVariantGroup section */
		A774784B25F5D6AF008A0E7F /* LaunchScreen.storyboard */ = {
			isa = PBXVariantGroup;
			children = (
				A774784C25F5D6AF008A0E7F /* Base */,
			);
			name = LaunchScreen.storyboard;
			sourceTree = "<group>";
		};
		A774785825F5D814008A0E7F /* Main.storyboard */ = {
			isa = PBXVariantGroup;
			children = (
				A774785925F5D814008A0E7F /* Base */,
			);
			name = Main.storyboard;
			sourceTree = "<group>";
		};
/* End PBXVariantGroup section */

/* Begin XCBuildConfiguration section */
		A774784F25F5D6AF008A0E7F /* Debug */ = {
			isa = XCBuildConfiguration;
			buildSettings = {
				ALWAYS_SEARCH_USER_PATHS = NO;
				CLANG_ANALYZER_NONNULL = YES;
				CLANG_ANALYZER_NUMBER_OBJECT_CONVERSION = YES_AGGRESSIVE;
				CLANG_CXX_LANGUAGE_STANDARD = "gnu++14";
				CLANG_CXX_LIBRARY = "libc++";
				CLANG_ENABLE_MODULES = YES;
				CLANG_ENABLE_OBJC_ARC = YES;
				CLANG_ENABLE_OBJC_WEAK = YES;
				CLANG_WARN_BLOCK_CAPTURE_AUTORELEASING = YES;
				CLANG_WARN_BOOL_CONVERSION = YES;
				CLANG_WARN_COMMA = YES;
				CLANG_WARN_CONSTANT_CONVERSION = YES;
				CLANG_WARN_DEPRECATED_OBJC_IMPLEMENTATIONS = YES;
				CLANG_WARN_DIRECT_OBJC_ISA_USAGE = YES_ERROR;
				CLANG_WARN_DOCUMENTATION_COMMENTS = YES;
				CLANG_WARN_EMPTY_BODY = YES;
				CLANG_WARN_ENUM_CONVERSION = YES;
				CLANG_WARN_INFINITE_RECURSION = YES;
				CLANG_WARN_INT_CONVERSION = YES;
				CLANG_WARN_NON_LITERAL_NULL_CONVERSION = YES;
				CLANG_WARN_OBJC_IMPLICIT_RETAIN_SELF = YES;
				CLANG_WARN_OBJC_LITERAL_CONVERSION = YES;
				CLANG_WARN_OBJC_ROOT_CLASS = YES_ERROR;
				CLANG_WARN_QUOTED_INCLUDE_IN_FRAMEWORK_HEADER = YES;
				CLANG_WARN_RANGE_LOOP_ANALYSIS = YES;
				CLANG_WARN_STRICT_PROTOTYPES = YES;
				CLANG_WARN_SUSPICIOUS_MOVE = YES;
				CLANG_WARN_UNGUARDED_AVAILABILITY = YES_AGGRESSIVE;
				CLANG_WARN_UNREACHABLE_CODE = YES;
				CLANG_WARN__DUPLICATE_METHOD_MATCH = YES;
				COPY_PHASE_STRIP = NO;
				DEBUG_INFORMATION_FORMAT = dwarf;
				ENABLE_STRICT_OBJC_MSGSEND = YES;
				ENABLE_TESTABILITY = YES;
				GCC_C_LANGUAGE_STANDARD = gnu11;
				GCC_DYNAMIC_NO_PIC = NO;
				GCC_NO_COMMON_BLOCKS = YES;
				GCC_OPTIMIZATION_LEVEL = 0;
				GCC_PREPROCESSOR_DEFINITIONS = (
					"DEBUG=1",
					"$(inherited)",
				);
				GCC_WARN_64_TO_32_BIT_CONVERSION = YES;
				GCC_WARN_ABOUT_RETURN_TYPE = YES_ERROR;
				GCC_WARN_UNDECLARED_SELECTOR = YES;
				GCC_WARN_UNINITIALIZED_AUTOS = YES_AGGRESSIVE;
				GCC_WARN_UNUSED_FUNCTION = YES;
				GCC_WARN_UNUSED_VARIABLE = YES;
				IPHONEOS_DEPLOYMENT_TARGET = 14.4;
				MTL_ENABLE_DEBUG_INFO = INCLUDE_SOURCE;
				MTL_FAST_MATH = YES;
				ONLY_ACTIVE_ARCH = YES;
				SDKROOT = iphoneos;
				SWIFT_ACTIVE_COMPILATION_CONDITIONS = DEBUG;
				SWIFT_OPTIMIZATION_LEVEL = "-Onone";
			};
			name = Debug;
		};
		A774785025F5D6AF008A0E7F /* Release */ = {
			isa = XCBuildConfiguration;
			buildSettings = {
				ALWAYS_SEARCH_USER_PATHS = NO;
				CLANG_ANALYZER_NONNULL = YES;
				CLANG_ANALYZER_NUMBER_OBJECT_CONVERSION = YES_AGGRESSIVE;
				CLANG_CXX_LANGUAGE_STANDARD = "gnu++14";
				CLANG_CXX_LIBRARY = "libc++";
				CLANG_ENABLE_MODULES = YES;
				CLANG_ENABLE_OBJC_ARC = YES;
				CLANG_ENABLE_OBJC_WEAK = YES;
				CLANG_WARN_BLOCK_CAPTURE_AUTORELEASING = YES;
				CLANG_WARN_BOOL_CONVERSION = YES;
				CLANG_WARN_COMMA = YES;
				CLANG_WARN_CONSTANT_CONVERSION = YES;
				CLANG_WARN_DEPRECATED_OBJC_IMPLEMENTATIONS = YES;
				CLANG_WARN_DIRECT_OBJC_ISA_USAGE = YES_ERROR;
				CLANG_WARN_DOCUMENTATION_COMMENTS = YES;
				CLANG_WARN_EMPTY_BODY = YES;
				CLANG_WARN_ENUM_CONVERSION = YES;
				CLANG_WARN_INFINITE_RECURSION = YES;
				CLANG_WARN_INT_CONVERSION = YES;
				CLANG_WARN_NON_LITERAL_NULL_CONVERSION = YES;
				CLANG_WARN_OBJC_IMPLICIT_RETAIN_SELF = YES;
				CLANG_WARN_OBJC_LITERAL_CONVERSION = YES;
				CLANG_WARN_OBJC_ROOT_CLASS = YES_ERROR;
				CLANG_WARN_QUOTED_INCLUDE_IN_FRAMEWORK_HEADER = YES;
				CLANG_WARN_RANGE_LOOP_ANALYSIS = YES;
				CLANG_WARN_STRICT_PROTOTYPES = YES;
				CLANG_WARN_SUSPICIOUS_MOVE = YES;
				CLANG_WARN_UNGUARDED_AVAILABILITY = YES_AGGRESSIVE;
				CLANG_WARN_UNREACHABLE_CODE = YES;
				CLANG_WARN__DUPLICATE_METHOD_MATCH = YES;
				COPY_PHASE_STRIP = NO;
				DEBUG_INFORMATION_FORMAT = "dwarf-with-dsym";
				ENABLE_NS_ASSERTIONS = NO;
				ENABLE_STRICT_OBJC_MSGSEND = YES;
				GCC_C_LANGUAGE_STANDARD = gnu11;
				GCC_NO_COMMON_BLOCKS = YES;
				GCC_WARN_64_TO_32_BIT_CONVERSION = YES;
				GCC_WARN_ABOUT_RETURN_TYPE = YES_ERROR;
				GCC_WARN_UNDECLARED_SELECTOR = YES;
				GCC_WARN_UNINITIALIZED_AUTOS = YES_AGGRESSIVE;
				GCC_WARN_UNUSED_FUNCTION = YES;
				GCC_WARN_UNUSED_VARIABLE = YES;
				IPHONEOS_DEPLOYMENT_TARGET = 14.4;
				MTL_ENABLE_DEBUG_INFO = NO;
				MTL_FAST_MATH = YES;
				SDKROOT = iphoneos;
				SWIFT_COMPILATION_MODE = wholemodule;
				SWIFT_OPTIMIZATION_LEVEL = "-O";
				VALIDATE_PRODUCT = YES;
			};
			name = Release;
		};
		A774785225F5D6AF008A0E7F /* Debug */ = {
			isa = XCBuildConfiguration;
			buildSettings = {
				ASSETCATALOG_COMPILER_APPICON_NAME = AppIcon;
				ASSETCATALOG_COMPILER_GLOBAL_ACCENT_COLOR_NAME = AccentColor;
				CODE_SIGN_STYLE = Automatic;
				INFOPLIST_FILE = cassini/Info.plist;
				LD_RUNPATH_SEARCH_PATHS = (
					"$(inherited)",
					"@executable_path/Frameworks",
				);
				PRODUCT_BUNDLE_IDENTIFIER = mobileDev.cassini;
				PRODUCT_NAME = "$(TARGET_NAME)";
				SWIFT_VERSION = 5.0;
				TARGETED_DEVICE_FAMILY = "1,2";
			};
			name = Debug;
		};
		A774785325F5D6AF008A0E7F /* Release */ = {
			isa = XCBuildConfiguration;
			buildSettings = {
				ASSETCATALOG_COMPILER_APPICON_NAME = AppIcon;
				ASSETCATALOG_COMPILER_GLOBAL_ACCENT_COLOR_NAME = AccentColor;
				CODE_SIGN_STYLE = Automatic;
				INFOPLIST_FILE = cassini/Info.plist;
				LD_RUNPATH_SEARCH_PATHS = (
					"$(inherited)",
					"@executable_path/Frameworks",
				);
				PRODUCT_BUNDLE_IDENTIFIER = mobileDev.cassini;
				PRODUCT_NAME = "$(TARGET_NAME)";
				SWIFT_VERSION = 5.0;
				TARGETED_DEVICE_FAMILY = "1,2";
			};
			name = Release;
		};
/* End XCBuildConfiguration section */

/* Begin XCConfigurationList section */
		A774783825F5D6AE008A0E7F /* Build configuration list for PBXProject "cassini" */ = {
			isa = XCConfigurationList;
			buildConfigurations = (
				A774784F25F5D6AF008A0E7F /* Debug */,
				A774785025F5D6AF008A0E7F /* Release */,
			);
			defaultConfigurationIsVisible = 0;
			defaultConfigurationName = Release;
		};
		A774785125F5D6AF008A0E7F /* Build configuration list for PBXNativeTarget "cassini" */ = {
			isa = XCConfigurationList;
			buildConfigurations = (
				A774785225F5D6AF008A0E7F /* Debug */,
				A774785325F5D6AF008A0E7F /* Release */,
			);
			defaultConfigurationIsVisible = 0;
			defaultConfigurationName = Release;
		};
/* End XCConfigurationList section */
	};
	rootObject = A774783525F5D6AE008A0E7F /* Project object */;
}
